
Microsoft Visual Studio Solution File, Format Version 12.00
# Visual Studio 15
VisualStudioVersion = 15.0.28307.705
MinimumVisualStudioVersion = 10.0.40219.1
Project("{2150E333-8FDC-42A3-9474-1A3956D46DE8}") = "1.Common", "1.Common", "{5EB95177-EA91-484B-86BF-102663AC0434}"
EndProject
Project("{2150E333-8FDC-42A3-9474-1A3956D46DE8}") = "2.Domain", "2.Domain", "{C3687984-0785-4516-98DF-1845EB294E80}"
EndProject
Project("{2150E333-8FDC-42A3-9474-1A3956D46DE8}") = "Account", "Account", "{B8A292C0-5CFB-4CA0-A289-A5514F0C9EFE}"
EndProject
Project("{2150E333-8FDC-42A3-9474-1A3956D46DE8}") = "3.Service", "3.Service", "{B9F938A7-8FC1-4CCD-8C4C-81823C70D4BD}"
EndProject
Project("{9A19103F-16F7-4668-BE54-9A1E7A4F7556}") = "CLF.Common", "Common\CLF.Common\CLF.Common.csproj", "{2A097B6F-760A-4C49-A6CC-04C5B5E0EF7E}"
EndProject
Project("{9A19103F-16F7-4668-BE54-9A1E7A4F7556}") = "CLF.Domain.Core", "Domain\CLF.Domain.Core\CLF.Domain.Core.csproj", "{1FE4BC00-66A7-4F3B-AF8D-60A48F12A3F3}"
EndProject
Project("{9A19103F-16F7-4668-BE54-9A1E7A4F7556}") = "CLF.DataAccess.Account", "Domain\Account\CLF.DataAccess.Account\CLF.DataAccess.Account.csproj", "{C1D0B067-42F7-4B8D-ADD5-D44AD28C9124}"
EndProject
Project("{9A19103F-16F7-4668-BE54-9A1E7A4F7556}") = "CLF.Model.Account", "Domain\Account\CLF.Model.Account\CLF.Model.Account.csproj", "{82F9F343-E120-4A97-ACA8-A16E1397BF94}"
EndProject
Project("{9A19103F-16F7-4668-BE54-9A1E7A4F7556}") = "CLF.Service.Core", "Service\CLF.Service.Core\CLF.Service.Core.csproj", "{ECF06066-F2C4-41B8-90F0-7BC3940EA25A}"
EndProject
Project("{2150E333-8FDC-42A3-9474-1A3956D46DE8}") = "4.Web", "4.Web", "{1A36A22E-C69F-4CFC-9A75-DFBAEBB66827}"
EndProject
Project("{2150E333-8FDC-42A3-9474-1A3956D46DE8}") = "5.WebApi", "5.WebApi", "{241513A5-30F3-43F7-A931-FB5CC2138EF9}"
EndProject
Project("{2150E333-8FDC-42A3-9474-1A3956D46DE8}") = "6.Test", "6.Test", "{FC7C7047-E4FD-414A-B853-D27740A30C51}"
EndProject
Project("{9A19103F-16F7-4668-BE54-9A1E7A4F7556}") = "CLF.Core.Test", "Test\CLF.Core.Test\CLF.Core.Test.csproj", "{7D2200AE-4BFA-406D-B244-16D06E32AA0A}"
EndProject
Project("{9A19103F-16F7-4668-BE54-9A1E7A4F7556}") = "CLF.Service.Test", "Test\CLF.Service.Test\CLF.Service.Test.csproj", "{C3BAB4CE-FD7B-44B5-B157-D29DF33BE6DD}"
EndProject
Project("{9A19103F-16F7-4668-BE54-9A1E7A4F7556}") = "CLF.Test", "Test\CLF.Test\CLF.Test.csproj", "{6990AA96-AF97-41AC-BF6F-7B537C9ABD3F}"
EndProject
Project("{9A19103F-16F7-4668-BE54-9A1E7A4F7556}") = "CLF.Model.Core", "Domain\CLF.Model.Core\CLF.Model.Core.csproj", "{1B45A858-034B-49AE-B368-866F959E6CBD}"
EndProject
Project("{9A19103F-16F7-4668-BE54-9A1E7A4F7556}") = "CLF.Web.Mvc", "Web\CLF.Web.Mvc\CLF.Web.Mvc.csproj", "{FEA7C642-202E-4B71-A647-9215CFC78440}"
EndProject
Project("{9A19103F-16F7-4668-BE54-9A1E7A4F7556}") = "CLF.WebApi.Account", "WebApi\CLF.WebApi.Account\CLF.WebApi.Account.csproj", "{77591B07-DC3D-42B9-868D-7D45AD831E11}"
EndProject
Project("{9A19103F-16F7-4668-BE54-9A1E7A4F7556}") = "CLF.Service.Account", "Service\CLF.Service.Account\CLF.Service.Account.csproj", "{E6DD8620-EEBB-4566-88D0-AA8B9B77EAE2}"
EndProject
Project("{9A19103F-16F7-4668-BE54-9A1E7A4F7556}") = "CLF.Service.DTO", "Service\CLF.Service.DTO\CLF.Service.DTO.csproj", "{C08C5B0C-CFB2-4085-8658-FADD3865926E}"
EndProject
Project("{9A19103F-16F7-4668-BE54-9A1E7A4F7556}") = "CLF.Web.Framework", "Web\CLF.Web.Framework\CLF.Web.Framework.csproj", "{0A3F4E48-4E82-487E-AD28-C633DCD71116}"
EndProject
Global
	GlobalSection(SolutionConfigurationPlatforms) = preSolution
		Debug|Any CPU = Debug|Any CPU
		Release|Any CPU = Release|Any CPU
	EndGlobalSection
	GlobalSection(ProjectConfigurationPlatforms) = postSolution
		{2A097B6F-760A-4C49-A6CC-04C5B5E0EF7E}.Debug|Any CPU.ActiveCfg = Debug|Any CPU
		{2A097B6F-760A-4C49-A6CC-04C5B5E0EF7E}.Debug|Any CPU.Build.0 = Debug|Any CPU
		{2A097B6F-760A-4C49-A6CC-04C5B5E0EF7E}.Release|Any CPU.ActiveCfg = Release|Any CPU
		{2A097B6F-760A-4C49-A6CC-04C5B5E0EF7E}.Release|Any CPU.Build.0 = Release|Any CPU
		{1FE4BC00-66A7-4F3B-AF8D-60A48F12A3F3}.Debug|Any CPU.ActiveCfg = Debug|Any CPU
		{1FE4BC00-66A7-4F3B-AF8D-60A48F12A3F3}.Debug|Any CPU.Build.0 = Debug|Any CPU
		{1FE4BC00-66A7-4F3B-AF8D-60A48F12A3F3}.Release|Any CPU.ActiveCfg = Release|Any CPU
		{1FE4BC00-66A7-4F3B-AF8D-60A48F12A3F3}.Release|Any CPU.Build.0 = Release|Any CPU
		{C1D0B067-42F7-4B8D-ADD5-D44AD28C9124}.Debug|Any CPU.ActiveCfg = Debug|Any CPU
		{C1D0B067-42F7-4B8D-ADD5-D44AD28C9124}.Debug|Any CPU.Build.0 = Debug|Any CPU
		{C1D0B067-42F7-4B8D-ADD5-D44AD28C9124}.Release|Any CPU.ActiveCfg = Release|Any CPU
		{C1D0B067-42F7-4B8D-ADD5-D44AD28C9124}.Release|Any CPU.Build.0 = Release|Any CPU
		{82F9F343-E120-4A97-ACA8-A16E1397BF94}.Debug|Any CPU.ActiveCfg = Debug|Any CPU
		{82F9F343-E120-4A97-ACA8-A16E1397BF94}.Debug|Any CPU.Build.0 = Debug|Any CPU
		{82F9F343-E120-4A97-ACA8-A16E1397BF94}.Release|Any CPU.ActiveCfg = Release|Any CPU
		{82F9F343-E120-4A97-ACA8-A16E1397BF94}.Release|Any CPU.Build.0 = Release|Any CPU
		{ECF06066-F2C4-41B8-90F0-7BC3940EA25A}.Debug|Any CPU.ActiveCfg = Debug|Any CPU
		{ECF06066-F2C4-41B8-90F0-7BC3940EA25A}.Debug|Any CPU.Build.0 = Debug|Any CPU
		{ECF06066-F2C4-41B8-90F0-7BC3940EA25A}.Release|Any CPU.ActiveCfg = Release|Any CPU
		{ECF06066-F2C4-41B8-90F0-7BC3940EA25A}.Release|Any CPU.Build.0 = Release|Any CPU
		{7D2200AE-4BFA-406D-B244-16D06E32AA0A}.Debug|Any CPU.ActiveCfg = Debug|Any CPU
		{7D2200AE-4BFA-406D-B244-16D06E32AA0A}.Debug|Any CPU.Build.0 = Debug|Any CPU
		{7D2200AE-4BFA-406D-B244-16D06E32AA0A}.Release|Any CPU.ActiveCfg = Release|Any CPU
		{7D2200AE-4BFA-406D-B244-16D06E32AA0A}.Release|Any CPU.Build.0 = Release|Any CPU
		{C3BAB4CE-FD7B-44B5-B157-D29DF33BE6DD}.Debug|Any CPU.ActiveCfg = Debug|Any CPU
		{C3BAB4CE-FD7B-44B5-B157-D29DF33BE6DD}.Debug|Any CPU.Build.0 = Debug|Any CPU
		{C3BAB4CE-FD7B-44B5-B157-D29DF33BE6DD}.Release|Any CPU.ActiveCfg = Release|Any CPU
		{C3BAB4CE-FD7B-44B5-B157-D29DF33BE6DD}.Release|Any CPU.Build.0 = Release|Any CPU
		{6990AA96-AF97-41AC-BF6F-7B537C9ABD3F}.Debug|Any CPU.ActiveCfg = Debug|Any CPU
		{6990AA96-AF97-41AC-BF6F-7B537C9ABD3F}.Debug|Any CPU.Build.0 = Debug|Any CPU
		{6990AA96-AF97-41AC-BF6F-7B537C9ABD3F}.Release|Any CPU.ActiveCfg = Release|Any CPU
		{6990AA96-AF97-41AC-BF6F-7B537C9ABD3F}.Release|Any CPU.Build.0 = Release|Any CPU
		{1B45A858-034B-49AE-B368-866F959E6CBD}.Debug|Any CPU.ActiveCfg = Debug|Any CPU
		{1B45A858-034B-49AE-B368-866F959E6CBD}.Debug|Any CPU.Build.0 = Debug|Any CPU
		{1B45A858-034B-49AE-B368-866F959E6CBD}.Release|Any CPU.ActiveCfg = Release|Any CPU
		{1B45A858-034B-49AE-B368-866F959E6CBD}.Release|Any CPU.Build.0 = Release|Any CPU
		{FEA7C642-202E-4B71-A647-9215CFC78440}.Debug|Any CPU.ActiveCfg = Debug|Any CPU
		{FEA7C642-202E-4B71-A647-9215CFC78440}.Debug|Any CPU.Build.0 = Debug|Any CPU
		{FEA7C642-202E-4B71-A647-9215CFC78440}.Release|Any CPU.ActiveCfg = Release|Any CPU
		{FEA7C642-202E-4B71-A647-9215CFC78440}.Release|Any CPU.Build.0 = Release|Any CPU
		{77591B07-DC3D-42B9-868D-7D45AD831E11}.Debug|Any CPU.ActiveCfg = Debug|Any CPU
		{77591B07-DC3D-42B9-868D-7D45AD831E11}.Debug|Any CPU.Build.0 = Debug|Any CPU
		{77591B07-DC3D-42B9-868D-7D45AD831E11}.Release|Any CPU.ActiveCfg = Release|Any CPU
		{77591B07-DC3D-42B9-868D-7D45AD831E11}.Release|Any CPU.Build.0 = Release|Any CPU
		{E6DD8620-EEBB-4566-88D0-AA8B9B77EAE2}.Debug|Any CPU.ActiveCfg = Debug|Any CPU
		{E6DD8620-EEBB-4566-88D0-AA8B9B77EAE2}.Debug|Any CPU.Build.0 = Debug|Any CPU
		{E6DD8620-EEBB-4566-88D0-AA8B9B77EAE2}.Release|Any CPU.ActiveCfg = Release|Any CPU
		{E6DD8620-EEBB-4566-88D0-AA8B9B77EAE2}.Release|Any CPU.Build.0 = Release|Any CPU
		{C08C5B0C-CFB2-4085-8658-FADD3865926E}.Debug|Any CPU.ActiveCfg = Debug|Any CPU
		{C08C5B0C-CFB2-4085-8658-FADD3865926E}.Debug|Any CPU.Build.0 = Debug|Any CPU
		{C08C5B0C-CFB2-4085-8658-FADD3865926E}.Release|Any CPU.ActiveCfg = Release|Any CPU
		{C08C5B0C-CFB2-4085-8658-FADD3865926E}.Release|Any CPU.Build.0 = Release|Any CPU
		{0A3F4E48-4E82-487E-AD28-C633DCD71116}.Debug|Any CPU.ActiveCfg = Debug|Any CPU
		{0A3F4E48-4E82-487E-AD28-C633DCD71116}.Debug|Any CPU.Build.0 = Debug|Any CPU
		{0A3F4E48-4E82-487E-AD28-C633DCD71116}.Release|Any CPU.ActiveCfg = Release|Any CPU
		{0A3F4E48-4E82-487E-AD28-C633DCD71116}.Release|Any CPU.Build.0 = Release|Any CPU
	EndGlobalSection
	GlobalSection(SolutionProperties) = preSolution
		HideSolutionNode = FALSE
	EndGlobalSection
	GlobalSection(NestedProjects) = preSolution
		{B8A292C0-5CFB-4CA0-A289-A5514F0C9EFE} = {C3687984-0785-4516-98DF-1845EB294E80}
		{2A097B6F-760A-4C49-A6CC-04C5B5E0EF7E} = {5EB95177-EA91-484B-86BF-102663AC0434}
		{1FE4BC00-66A7-4F3B-AF8D-60A48F12A3F3} = {C3687984-0785-4516-98DF-1845EB294E80}
		{C1D0B067-42F7-4B8D-ADD5-D44AD28C9124} = {B8A292C0-5CFB-4CA0-A289-A5514F0C9EFE}
		{82F9F343-E120-4A97-ACA8-A16E1397BF94} = {B8A292C0-5CFB-4CA0-A289-A5514F0C9EFE}
		{ECF06066-F2C4-41B8-90F0-7BC3940EA25A} = {B9F938A7-8FC1-4CCD-8C4C-81823C70D4BD}
		{7D2200AE-4BFA-406D-B244-16D06E32AA0A} = {FC7C7047-E4FD-414A-B853-D27740A30C51}
		{C3BAB4CE-FD7B-44B5-B157-D29DF33BE6DD} = {FC7C7047-E4FD-414A-B853-D27740A30C51}
		{6990AA96-AF97-41AC-BF6F-7B537C9ABD3F} = {FC7C7047-E4FD-414A-B853-D27740A30C51}
		{1B45A858-034B-49AE-B368-866F959E6CBD} = {C3687984-0785-4516-98DF-1845EB294E80}
		{FEA7C642-202E-4B71-A647-9215CFC78440} = {1A36A22E-C69F-4CFC-9A75-DFBAEBB66827}
		{77591B07-DC3D-42B9-868D-7D45AD831E11} = {241513A5-30F3-43F7-A931-FB5CC2138EF9}
		{E6DD8620-EEBB-4566-88D0-AA8B9B77EAE2} = {B9F938A7-8FC1-4CCD-8C4C-81823C70D4BD}
		{C08C5B0C-CFB2-4085-8658-FADD3865926E} = {B9F938A7-8FC1-4CCD-8C4C-81823C70D4BD}
		{0A3F4E48-4E82-487E-AD28-C633DCD71116} = {1A36A22E-C69F-4CFC-9A75-DFBAEBB66827}
	EndGlobalSection
	GlobalSection(ExtensibilityGlobals) = postSolution
		SolutionGuid = {B3221D1B-D570-439C-830C-63CB29439EC1}
	EndGlobalSection
EndGlobal
